
Microsoft Visual Studio Solution File, Format Version 12.00
# Visual Studio Version 17
VisualStudioVersion = 17.3.32929.385
MinimumVisualStudioVersion = 10.0.40219.1
Project("{2150E333-8FDC-42A3-9474-1A3956D46DE8}") = "Client", "Client", "{C40487C2-D511-499A-BAB1-334E3177F36F}"
EndProject
Project("{2150E333-8FDC-42A3-9474-1A3956D46DE8}") = "Server", "Server", "{BFDA60CE-45C4-42A4-9BC8-6AF74E6DA32A}"
EndProject
Project("{9A19103F-16F7-4668-BE54-9A1E7A4F7556}") = "Hockey.Client.Shell", "src\Client\Hockey.Client.Shell\Hockey.Client.Shell.csproj", "{B151BC11-3CA3-483B-A0BF-F170273FB166}"
EndProject
Project("{2150E333-8FDC-42A3-9474-1A3956D46DE8}") = "Solution Items", "Solution Items", "{351016A6-500E-4285-B471-E2E47F53F2DC}"
	ProjectSection(SolutionItems) = preProject
		.editorconfig = .editorconfig
	EndProjectSection
EndProject
Project("{FAE04EC0-301F-11D3-BF4B-00C04F79EFBC}") = "Hockey.Client.Shared", "src\Client\Hockey.Client.Shared\Hockey.Client.Shared.csproj", "{28130BA2-D67D-4822-BE40-11F6B35B0710}"
EndProject
Project("{9A19103F-16F7-4668-BE54-9A1E7A4F7556}") = "Hockey.Client.BusinessLayer", "src\Client\Hockey.Client.BusinessLayer\Hockey.Client.BusinessLayer.csproj", "{9FA82B81-3F99-4977-B9F4-0279F13262ED}"
EndProject
Project("{FAE04EC0-301F-11D3-BF4B-00C04F79EFBC}") = "Hockey.Client.Main", "src\Client\Hockey.Client.Main\Hockey.Client.Main.csproj", "{9FE6BAB9-E5D3-4F98-A649-EC3BA1CC930E}"
EndProject
Global
	GlobalSection(SolutionConfigurationPlatforms) = preSolution
		Debug|Any CPU = Debug|Any CPU
		Release|Any CPU = Release|Any CPU
	EndGlobalSection
	GlobalSection(ProjectConfigurationPlatforms) = postSolution
		{B151BC11-3CA3-483B-A0BF-F170273FB166}.Debug|Any CPU.ActiveCfg = Debug|Any CPU
		{B151BC11-3CA3-483B-A0BF-F170273FB166}.Debug|Any CPU.Build.0 = Debug|Any CPU
		{B151BC11-3CA3-483B-A0BF-F170273FB166}.Release|Any CPU.ActiveCfg = Release|Any CPU
		{B151BC11-3CA3-483B-A0BF-F170273FB166}.Release|Any CPU.Build.0 = Release|Any CPU
		{28130BA2-D67D-4822-BE40-11F6B35B0710}.Debug|Any CPU.ActiveCfg = Debug|Any CPU
		{28130BA2-D67D-4822-BE40-11F6B35B0710}.Debug|Any CPU.Build.0 = Debug|Any CPU
		{28130BA2-D67D-4822-BE40-11F6B35B0710}.Release|Any CPU.ActiveCfg = Release|Any CPU
		{28130BA2-D67D-4822-BE40-11F6B35B0710}.Release|Any CPU.Build.0 = Release|Any CPU
		{9FA82B81-3F99-4977-B9F4-0279F13262ED}.Debug|Any CPU.ActiveCfg = Debug|Any CPU
		{9FA82B81-3F99-4977-B9F4-0279F13262ED}.Debug|Any CPU.Build.0 = Debug|Any CPU
		{9FA82B81-3F99-4977-B9F4-0279F13262ED}.Release|Any CPU.ActiveCfg = Release|Any CPU
		{9FA82B81-3F99-4977-B9F4-0279F13262ED}.Release|Any CPU.Build.0 = Release|Any CPU
		{9FE6BAB9-E5D3-4F98-A649-EC3BA1CC930E}.Debug|Any CPU.ActiveCfg = Debug|Any CPU
		{9FE6BAB9-E5D3-4F98-A649-EC3BA1CC930E}.Debug|Any CPU.Build.0 = Debug|Any CPU
		{9FE6BAB9-E5D3-4F98-A649-EC3BA1CC930E}.Release|Any CPU.ActiveCfg = Release|Any CPU
		{9FE6BAB9-E5D3-4F98-A649-EC3BA1CC930E}.Release|Any CPU.Build.0 = Release|Any CPU
	EndGlobalSection
	GlobalSection(SolutionProperties) = preSolution
		HideSolutionNode = FALSE
	EndGlobalSection
	GlobalSection(NestedProjects) = preSolution
		{B151BC11-3CA3-483B-A0BF-F170273FB166} = {C40487C2-D511-499A-BAB1-334E3177F36F}
		{28130BA2-D67D-4822-BE40-11F6B35B0710} = {C40487C2-D511-499A-BAB1-334E3177F36F}
		{9FA82B81-3F99-4977-B9F4-0279F13262ED} = {C40487C2-D511-499A-BAB1-334E3177F36F}
		{9FE6BAB9-E5D3-4F98-A649-EC3BA1CC930E} = {C40487C2-D511-499A-BAB1-334E3177F36F}
	EndGlobalSection
	GlobalSection(ExtensibilityGlobals) = postSolution
		SolutionGuid = {574C2824-4079-45A3-9378-C3CE10874744}
	EndGlobalSection
EndGlobal
